
Microsoft Visual Studio Solution File, Format Version 12.00
# Visual Studio Version 17
VisualStudioVersion = 17.3.32929.385
MinimumVisualStudioVersion = 10.0.40219.1
Project("{8BC9CEB8-8B4A-11D0-8D11-00A0C91BC942}") = "AntNeuro Software v2", "AntNeuro Software v2\AntNeuro Software v2.vcxproj", "{A7CE822B-8FC7-4507-8619-2F1DCDDA5602}"
EndProject
Global
	GlobalSection(SolutionConfigurationPlatforms) = preSolution
		Debug|Any CPU = Debug|Any CPU
		Debug|x64 = Debug|x64
		Debug|x86 = Debug|x86
		Release|Any CPU = Release|Any CPU
		Release|x64 = Release|x64
		Release|x86 = Release|x86
	EndGlobalSection
	GlobalSection(ProjectConfigurationPlatforms) = postSolution
		{A7CE822B-8FC7-4507-8619-2F1DCDDA5602}.Debug|Any CPU.ActiveCfg = Debug|x64
		{A7CE822B-8FC7-4507-8619-2F1DCDDA5602}.Debug|Any CPU.Build.0 = Debug|x64
		{A7CE822B-8FC7-4507-8619-2F1DCDDA5602}.Debug|x64.ActiveCfg = Debug|x64
		{A7CE822B-8FC7-4507-8619-2F1DCDDA5602}.Debug|x64.Build.0 = Debug|x64
		{A7CE822B-8FC7-4507-8619-2F1DCDDA5602}.Debug|x86.ActiveCfg = Debug|Win32
		{A7CE822B-8FC7-4507-8619-2F1DCDDA5602}.Debug|x86.Build.0 = Debug|Win32
		{A7CE822B-8FC7-4507-8619-2F1DCDDA5602}.Release|Any CPU.ActiveCfg = Release|x64
		{A7CE822B-8FC7-4507-8619-2F1DCDDA5602}.Release|Any CPU.Build.0 = Release|x64
		{A7CE822B-8FC7-4507-8619-2F1DCDDA5602}.Release|x64.ActiveCfg = Release|x64
		{A7CE822B-8FC7-4507-8619-2F1DCDDA5602}.Release|x64.Build.0 = Release|x64
		{A7CE822B-8FC7-4507-8619-2F1DCDDA5602}.Release|x86.ActiveCfg = Release|Win32
		{A7CE822B-8FC7-4507-8619-2F1DCDDA5602}.Release|x86.Build.0 = Release|Win32
	EndGlobalSection
	GlobalSection(SolutionProperties) = preSolution
		HideSolutionNode = FALSE
	EndGlobalSection
	GlobalSection(ExtensibilityGlobals) = postSolution
		SolutionGuid = {15DCB216-0C63-4111-960E-406CFBB1CA76}
	EndGlobalSection
EndGlobal
